
Microsoft Visual Studio Solution File, Format Version 12.00
# Visual Studio 2012
Project("{8BC9CEB8-8B4A-11D0-8D11-00A0C91BC942}") = "Enforcado", "Enforcado.vcxproj", "{F8A17A7D-ADF6-49E4-8852-B7F22EDEAFEB}"
EndProject
Global
	GlobalSection(SolutionConfigurationPlatforms) = preSolution
		Debug|Any CPU = Debug|Any CPU
		Debug|Mixed Platforms = Debug|Mixed Platforms
		Debug|Win32 = Debug|Win32
		Debug|x86 = Debug|x86
		Release|Any CPU = Release|Any CPU
		Release|Mixed Platforms = Release|Mixed Platforms
		Release|Win32 = Release|Win32
		Release|x86 = Release|x86
	EndGlobalSection
	GlobalSection(ProjectConfigurationPlatforms) = postSolution
		{F8A17A7D-ADF6-49E4-8852-B7F22EDEAFEB}.Debug|Any CPU.ActiveCfg = Debug|Win32
		{F8A17A7D-ADF6-49E4-8852-B7F22EDEAFEB}.Debug|Mixed Platforms.ActiveCfg = Debug|Win32
		{F8A17A7D-ADF6-49E4-8852-B7F22EDEAFEB}.Debug|Mixed Platforms.Build.0 = Debug|Win32
		{F8A17A7D-ADF6-49E4-8852-B7F22EDEAFEB}.Debug|Win32.ActiveCfg = Debug|Win32
		{F8A17A7D-ADF6-49E4-8852-B7F22EDEAFEB}.Debug|Win32.Build.0 = Debug|Win32
		{F8A17A7D-ADF6-49E4-8852-B7F22EDEAFEB}.Debug|x86.ActiveCfg = Debug|Win32
		{F8A17A7D-ADF6-49E4-8852-B7F22EDEAFEB}.Debug|x86.Build.0 = Debug|Win32
		{F8A17A7D-ADF6-49E4-8852-B7F22EDEAFEB}.Release|Any CPU.ActiveCfg = Release|Win32
		{F8A17A7D-ADF6-49E4-8852-B7F22EDEAFEB}.Release|Mixed Platforms.ActiveCfg = Release|Win32
		{F8A17A7D-ADF6-49E4-8852-B7F22EDEAFEB}.Release|Mixed Platforms.Build.0 = Release|Win32
		{F8A17A7D-ADF6-49E4-8852-B7F22EDEAFEB}.Release|Win32.ActiveCfg = Release|Win32
		{F8A17A7D-ADF6-49E4-8852-B7F22EDEAFEB}.Release|Win32.Build.0 = Release|Win32
		{F8A17A7D-ADF6-49E4-8852-B7F22EDEAFEB}.Release|x86.ActiveCfg = Release|Win32
		{F8A17A7D-ADF6-49E4-8852-B7F22EDEAFEB}.Release|x86.Build.0 = Release|Win32
	EndGlobalSection
	GlobalSection(SolutionProperties) = preSolution
		HideSolutionNode = FALSE
	EndGlobalSection
EndGlobal
